Microsoft Visual Studio Solution File, Format Version 11.00
# Visual Studio 2010
Project("{8BC9CEB8-8B4A-11D0-8D11-00A0C91BC942}") = "UpdateSystem", "UpdateSystem\UpdateSystem.vcxproj", "{73F98D23-AC4A-3FF8-BA86-6B2825C19169}"
EndProject
Project("{2150E333-8FDC-42A3-9474-1A3956D46DE8}") = "Solution Items", "Solution Items", "{2BE542FE-190F-41B6-ADAB-27CF689D1BB7}"
	ProjectSection(SolutionItems) = preProject
		Deploy.props = Deploy.props
		Readme.txt = Readme.txt
	EndProjectSection
EndProject
Project("{8BC9CEB8-8B4A-11D0-8D11-00A0C91BC942}") = "UpdateSystemTest", "UpdateSystemTest\UpdateSystemTest.vcxproj", "{BF8B9419-E66E-4286-B6DF-42ABE588D423}"
	ProjectSection(ProjectDependencies) = postProject
		{73F98D23-AC4A-3FF8-BA86-6B2825C19169} = {73F98D23-AC4A-3FF8-BA86-6B2825C19169}
	EndProjectSection
EndProject
Project("{8BC9CEB8-8B4A-11D0-8D11-00A0C91BC942}") = "UpdateSystemViewModel", "UpdateSystemViewModel\UpdateSystemViewModel.vcxproj", "{5E4C4C71-D3A5-4170-9CD6-CBA1A123F233}"
	ProjectSection(ProjectDependencies) = postProject
		{73F98D23-AC4A-3FF8-BA86-6B2825C19169} = {73F98D23-AC4A-3FF8-BA86-6B2825C19169}
	EndProjectSection
EndProject
Global
	GlobalSection(SolutionConfigurationPlatforms) = preSolution
		Debug|Win32 = Debug|Win32
		Release|Win32 = Release|Win32
	EndGlobalSection
	GlobalSection(ProjectConfigurationPlatforms) = postSolution
		{73F98D23-AC4A-3FF8-BA86-6B2825C19169}.Debug|Win32.ActiveCfg = Debug|Win32
		{73F98D23-AC4A-3FF8-BA86-6B2825C19169}.Debug|Win32.Build.0 = Debug|Win32
		{73F98D23-AC4A-3FF8-BA86-6B2825C19169}.Release|Win32.ActiveCfg = Release|Win32
		{73F98D23-AC4A-3FF8-BA86-6B2825C19169}.Release|Win32.Build.0 = Release|Win32
		{BF8B9419-E66E-4286-B6DF-42ABE588D423}.Debug|Win32.ActiveCfg = Debug|Win32
		{BF8B9419-E66E-4286-B6DF-42ABE588D423}.Debug|Win32.Build.0 = Debug|Win32
		{BF8B9419-E66E-4286-B6DF-42ABE588D423}.Release|Win32.ActiveCfg = Release|Win32
		{BF8B9419-E66E-4286-B6DF-42ABE588D423}.Release|Win32.Build.0 = Release|Win32
		{5E4C4C71-D3A5-4170-9CD6-CBA1A123F233}.Debug|Win32.ActiveCfg = Debug|Win32
		{5E4C4C71-D3A5-4170-9CD6-CBA1A123F233}.Debug|Win32.Build.0 = Debug|Win32
		{5E4C4C71-D3A5-4170-9CD6-CBA1A123F233}.Release|Win32.ActiveCfg = Release|Win32
		{5E4C4C71-D3A5-4170-9CD6-CBA1A123F233}.Release|Win32.Build.0 = Release|Win32
	EndGlobalSection
	GlobalSection(SolutionProperties) = preSolution
		HideSolutionNode = FALSE
	EndGlobalSection
	GlobalSection(ExtensibilityGlobals) = postSolution
		QtVersion = $(DefaultQtVersion)
	EndGlobalSection
EndGlobal
