<?xml version="1.0" encoding="utf-8"?>
<Project ToolsVersion="4.0" xmlns="http://schemas.microsoft.com/developer/msbuild/2003">
  <ItemGroup>
    <ClCompile Include="main.cpp">
      <Filter>Source Files</Filter>
    </ClCompile>
    <ClCompile Include="src\UpdateSystem\Compressor\SevenZipCompressor.cpp">
      <Filter>Source Files</Filter>
    </ClCompile>
    <ClCompile Include="src\UpdateSystem\Downloader\downloadmanager.cpp">
      <Filter>Source Files</Filter>
    </ClCompile>
    <ClCompile Include="src\UpdateSystem\Downloader\DynamicRetryTimeout.cpp">
      <Filter>Source Files</Filter>
    </ClCompile>
    <ClCompile Include="src\UpdateSystem\Downloader\MemoryDownloader.cpp">
      <Filter>Source Files</Filter>
    </ClCompile>
    <ClCompile Include="src\UpdateSystem\Downloader\MultiFileDownloader.cpp">
      <Filter>Source Files</Filter>
    </ClCompile>
    <ClCompile Include="src\UpdateSystem\Downloader\MultiFileDownloaderWithExtracter.cpp">
      <Filter>Source Files</Filter>
    </ClCompile>
    <ClCompile Include="src\UpdateSystem\Downloader\RetryFileDownloader.cpp">
      <Filter>Source Files</Filter>
    </ClCompile>
    <ClCompile Include="src\UpdateSystem\Extractor\SevenZipExtractor.cpp">
      <Filter>Source Files</Filter>
    </ClCompile>
    <ClCompile Include="src\UpdateSystem\Hasher\Md5FileHasher.cpp">
      <Filter>Source Files</Filter>
    </ClCompile>
    <ClCompile Include="src\UpdateSystem\CheckUpdateHelper.cpp">
      <Filter>Source Files</Filter>
    </ClCompile>
    <ClCompile Include="src\UpdateSystem\RegisterTypes.cpp">
      <Filter>Source Files</Filter>
    </ClCompile>
    <ClCompile Include="src\UpdateSystem\UpdateFileInfo.cpp">
      <Filter>Source Files</Filter>
    </ClCompile>
    <ClCompile Include="src\UpdateSystem\UpdateInfoContainer.cpp">
      <Filter>Source Files</Filter>
    </ClCompile>
    <ClCompile Include="src\UpdateSystem\UpdateInfoGetter.cpp">
      <Filter>Source Files</Filter>
    </ClCompile>
    <ClCompile Include="src\UpdateSystem\UpdateInstaller.cpp">
      <Filter>Source Files</Filter>
    </ClCompile>
    <ClCompile Include="src\UpdateSystem\updatemanager.cpp">
      <Filter>Source Files</Filter>
    </ClCompile>
    <ClCompile Include="src\UpdateSystem\UpdateManagerWorker.cpp">
      <Filter>Source Files</Filter>
    </ClCompile>
    <ClCompile Include="src\UpdateSystem\Compressor\MiniZipCompressor.cpp">
      <Filter>Source Files</Filter>
    </ClCompile>
    <ClCompile Include="src\UpdateSystem\Extractor\MiniZipExtractor.cpp">
      <Filter>Source Files</Filter>
    </ClCompile>
  </ItemGroup>
  <ItemGroup>
    <ClInclude Include="resource.h">
      <Filter>Header Files</Filter>
    </ClInclude>
    <ClInclude Include="version.h">
      <Filter>Header Files</Filter>
    </ClInclude>
    <ClInclude Include="include\UpdateSystem\Compressor\CompressorInferface.h">
      <Filter>Header Files</Filter>
    </ClInclude>
    <ClInclude Include="include\UpdateSystem\Downloader\DownloadInMemoryInterface.h">
      <Filter>Header Files</Filter>
    </ClInclude>
    <ClInclude Include="include\UpdateSystem\Downloader\filedownloaderinterface.h">
      <Filter>Header Files</Filter>
    </ClInclude>
    <ClInclude Include="include\UpdateSystem\Downloader\MultiDownloadResultInterface.h">
      <Filter>Header Files</Filter>
    </ClInclude>
    <ClInclude Include="include\UpdateSystem\Downloader\MultiFileDownloaderWithExtracter.h">
      <Filter>Header Files</Filter>
    </ClInclude>
    <ClInclude Include="include\UpdateSystem\Downloader\MultiFileDownloadInterface.h">
      <Filter>Header Files</Filter>
    </ClInclude>
    <ClInclude Include="include\UpdateSystem\Downloader\RetryTimeoutInterface.h">
      <Filter>Header Files</Filter>
    </ClInclude>
    <ClInclude Include="include\UpdateSystem\Extractor\ExtractorInterface.h">
      <Filter>Header Files</Filter>
    </ClInclude>
    <ClInclude Include="include\UpdateSystem\Hasher\FileHashInterface.h">
      <Filter>Header Files</Filter>
    </ClInclude>
    <ClInclude Include="include\UpdateSystem\RegisterTypes.h">
      <Filter>Header Files</Filter>
    </ClInclude>
    <ClInclude Include="include\UpdateSystem\UpdateInfoGetterInterface.h">
      <Filter>Header Files</Filter>
    </ClInclude>
    <ClInclude Include="include\UpdateSystem\UpdateInstallerInterface.h">
      <Filter>Header Files</Filter>
    </ClInclude>
    <ClInclude Include="include\UpdateSystem\UpdateSystem_global.h">
      <Filter>Header Files</Filter>
    </ClInclude>
  </ItemGroup>
  <ItemGroup>
    <Filter Include="Header Files">
      <UniqueIdentifier>{93995380-89BD-4b04-88EB-625FBE52EBFB}</UniqueIdentifier>
      <Extensions>h</Extensions>
      <ParseFiles>true</ParseFiles>
    </Filter>
    <Filter Include="Source Files">
      <UniqueIdentifier>{4FC737F1-C7A5-4376-A066-2A32D752A2FF}</UniqueIdentifier>
      <Extensions>cpp;cxx;c;def</Extensions>
      <ParseFiles>true</ParseFiles>
    </Filter>
    <Filter Include="Generated Files">
      <UniqueIdentifier>{71ED8ED8-ACB9-4CE9-BBE1-E00B30144E11}</UniqueIdentifier>
      <Extensions>moc;h;cpp</Extensions>
      <ParseFiles>true</ParseFiles>
    </Filter>
    <Filter Include="Translation Files">
      <UniqueIdentifier>{639EADAA-A684-42e4-A9AD-28FC9BCB8F7C}</UniqueIdentifier>
      <Extensions>ts</Extensions>
      <ParseFiles>false</ParseFiles>
    </Filter>
  </ItemGroup>
  <ItemGroup>
    <ResourceCompile Include="UpdateSystem.rc" />
  </ItemGroup>
  <ItemGroup>
    <None Include="i18n\UpdateSystem_en.ts">
      <Filter>Translation Files</Filter>
    </None>
    <None Include="i18n\UpdateSystem_ru.ts">
      <Filter>Translation Files</Filter>
    </None>
  </ItemGroup>
  <ItemGroup>
    <QtMoc Include="include\UpdateSystem\Downloader\downloadmanager.h">
      <Filter>Header Files</Filter>
    </QtMoc>
    <QtMoc Include="include\UpdateSystem\Downloader\DownloadResultInterface.h">
      <Filter>Header Files</Filter>
    </QtMoc>
    <QtMoc Include="include\UpdateSystem\Downloader\DynamicRetryTimeout.h">
      <Filter>Header Files</Filter>
    </QtMoc>
    <QtMoc Include="include\UpdateSystem\Downloader\MemoryDownloader.h">
      <Filter>Header Files</Filter>
    </QtMoc>
    <QtMoc Include="include\UpdateSystem\Downloader\MultiFileDownloader.h">
      <Filter>Header Files</Filter>
    </QtMoc>
    <QtMoc Include="include\UpdateSystem\Downloader\RetryFileDownloader.h">
      <Filter>Header Files</Filter>
    </QtMoc>
    <QtMoc Include="include\UpdateSystem\Extractor\SevenZipExtractor.h">
      <Filter>Header Files</Filter>
    </QtMoc>
    <QtMoc Include="include\UpdateSystem\Hasher\Md5FileHasher.h">
      <Filter>Header Files</Filter>
    </QtMoc>
    <QtMoc Include="include\UpdateSystem\CheckUpdateHelper.h">
      <Filter>Header Files</Filter>
    </QtMoc>
    <QtMoc Include="include\UpdateSystem\UpdateFileInfo.h">
      <Filter>Header Files</Filter>
    </QtMoc>
    <QtMoc Include="include\UpdateSystem\UpdateInfoContainer.h">
      <Filter>Header Files</Filter>
    </QtMoc>
    <QtMoc Include="include\UpdateSystem\UpdateInfoGetter.h">
      <Filter>Header Files</Filter>
    </QtMoc>
    <QtMoc Include="include\UpdateSystem\UpdateInfoGetterResultInterface.h">
      <Filter>Header Files</Filter>
    </QtMoc>
    <QtMoc Include="include\UpdateSystem\UpdateInstaller.h">
      <Filter>Header Files</Filter>
    </QtMoc>
    <QtMoc Include="include\UpdateSystem\updatemanager.h">
      <Filter>Header Files</Filter>
    </QtMoc>
    <QtMoc Include="include\UpdateSystem\UpdateManagerWorker.h">
      <Filter>Header Files</Filter>
    </QtMoc>
    <QtMoc Include="include\UpdateSystem\Compressor\MiniZipCompressor.h">
      <Filter>Header Files</Filter>
    </QtMoc>
    <QtMoc Include="include\UpdateSystem\Compressor\SevenZipCompressor.h">
      <Filter>Header Files</Filter>
    </QtMoc>
    <QtMoc Include="include\UpdateSystem\Extractor\MiniZipExtractor.h">
      <Filter>Header Files</Filter>
    </QtMoc>
  </ItemGroup>
</Project>